// !$*UTF8*$!
{
	archiveVersion = 1;
	classes = {
	};
	objectVersion = 56;
	objects = {

/* Begin PBXBuildFile section */
		D836E0102961EB8000283355 /* MainView.swift in Sources */ = {isa = PBXBuildFile; fileRef = D836E00F2961EB8000283355 /* MainView.swift */; };
		D836E0132961FA8900283355 /* LocationManager.swift in Sources */ = {isa = PBXBuildFile; fileRef = D836E0122961FA8900283355 /* LocationManager.swift */; };
		D89D2945296234F2005CA6AB /* Extensions.swift in Sources */ = {isa = PBXBuildFile; fileRef = D89D2944296234F2005CA6AB /* Extensions.swift */; };
		D89D294729625436005CA6AB /* IconManager.swift in Sources */ = {isa = PBXBuildFile; fileRef = D89D294629625436005CA6AB /* IconManager.swift */; };
		D89D29492963172C005CA6AB /* BackgroundManager.swift in Sources */ = {isa = PBXBuildFile; fileRef = D89D29482963172C005CA6AB /* BackgroundManager.swift */; };
		D89D294B2963544D005CA6AB /* SettingsView.swift in Sources */ = {isa = PBXBuildFile; fileRef = D89D294A2963544D005CA6AB /* SettingsView.swift */; };
		D89D294E29635571005CA6AB /* LaunchAtLogin in Frameworks */ = {isa = PBXBuildFile; productRef = D89D294D29635571005CA6AB /* LaunchAtLogin */; };
		D8A960FD2960B17E00CC5D35 /* WeatherAppApp.swift in Sources */ = {isa = PBXBuildFile; fileRef = D8A960FC2960B17E00CC5D35 /* WeatherAppApp.swift */; };
		D8A961012960B17F00CC5D35 /* Assets.xcassets in Resources */ = {isa = PBXBuildFile; fileRef = D8A961002960B17F00CC5D35 /* Assets.xcassets */; };
		D8A961042960B17F00CC5D35 /* Preview Assets.xcassets in Resources */ = {isa = PBXBuildFile; fileRef = D8A961032960B17F00CC5D35 /* Preview Assets.xcassets */; };
		D8B8F4B82B63DC5500211C4F /* Localizable.xcstrings in Resources */ = {isa = PBXBuildFile; fileRef = D8B8F4B72B63DC5500211C4F /* Localizable.xcstrings */; };
		D8E440E829E44EFC003544EA /* WeatherUpdater.swift in Sources */ = {isa = PBXBuildFile; fileRef = D8E440E729E44EFC003544EA /* WeatherUpdater.swift */; };
/* End PBXBuildFile section */

/* Begin PBXFileReference section */
		D836E00F2961EB8000283355 /* MainView.swift */ = {isa = PBXFileReference; lastKnownFileType = sourcecode.swift; path = MainView.swift; sourceTree = "<group>"; };
		D836E0112961EC5400283355 /* Info.plist */ = {isa = PBXFileReference; lastKnownFileType = text.plist; path = Info.plist; sourceTree = "<group>"; };
		D836E0122961FA8900283355 /* LocationManager.swift */ = {isa = PBXFileReference; lastKnownFileType = sourcecode.swift; path = LocationManager.swift; sourceTree = "<group>"; };
		D89D2944296234F2005CA6AB /* Extensions.swift */ = {isa = PBXFileReference; lastKnownFileType = sourcecode.swift; path = Extensions.swift; sourceTree = "<group>"; };
		D89D294629625436005CA6AB /* IconManager.swift */ = {isa = PBXFileReference; lastKnownFileType = sourcecode.swift; path = IconManager.swift; sourceTree = "<group>"; };
		D89D29482963172C005CA6AB /* BackgroundManager.swift */ = {isa = PBXFileReference; lastKnownFileType = sourcecode.swift; path = BackgroundManager.swift; sourceTree = "<group>"; };
		D89D294A2963544D005CA6AB /* SettingsView.swift */ = {isa = PBXFileReference; lastKnownFileType = sourcecode.swift; path = SettingsView.swift; sourceTree = "<group>"; };
		D8A960F92960B17E00CC5D35 /* MenuBar Weather.app */ = {isa = PBXFileReference; explicitFileType = wrapper.application; includeInIndex = 0; path = "MenuBar Weather.app"; sourceTree = BUILT_PRODUCTS_DIR; };
		D8A960FC2960B17E00CC5D35 /* WeatherAppApp.swift */ = {isa = PBXFileReference; lastKnownFileType = sourcecode.swift; path = WeatherAppApp.swift; sourceTree = "<group>"; };
		D8A961002960B17F00CC5D35 /* Assets.xcassets */ = {isa = PBXFileReference; lastKnownFileType = folder.assetcatalog; path = Assets.xcassets; sourceTree = "<group>"; };
		D8A961032960B17F00CC5D35 /* Preview Assets.xcassets */ = {isa = PBXFileReference; lastKnownFileType = folder.assetcatalog; path = "Preview Assets.xcassets"; sourceTree = "<group>"; };
		D8A961052960B17F00CC5D35 /* WeatherApp.entitlements */ = {isa = PBXFileReference; lastKnownFileType = text.plist.entitlements; path = WeatherApp.entitlements; sourceTree = "<group>"; };
		D8B8F4B72B63DC5500211C4F /* Localizable.xcstrings */ = {isa = PBXFileReference; lastKnownFileType = text.json.xcstrings; path = Localizable.xcstrings; sourceTree = "<group>"; };
		D8E440E729E44EFC003544EA /* WeatherUpdater.swift */ = {isa = PBXFileReference; lastKnownFileType = sourcecode.swift; path = WeatherUpdater.swift; sourceTree = "<group>"; };
/* End PBXFileReference section */

/* Begin PBXFrameworksBuildPhase section */
		D8A960F62960B17E00CC5D35 /* Frameworks */ = {
			isa = PBXFrameworksBuildPhase;
			buildActionMask = 2147483647;
			files = (
				D89D294E29635571005CA6AB /* LaunchAtLogin in Frameworks */,
			);
			runOnlyForDeploymentPostprocessing = 0;
		};
/* End PBXFrameworksBuildPhase section */

/* Begin PBXGroup section */
		D8A960F02960B17E00CC5D35 = {
			isa = PBXGroup;
			children = (
				D8A960FB2960B17E00CC5D35 /* WeatherApp */,
				D8A960FA2960B17E00CC5D35 /* Products */,
			);
			sourceTree = "<group>";
		};
		D8A960FA2960B17E00CC5D35 /* Products */ = {
			isa = PBXGroup;
			children = (
				D8A960F92960B17E00CC5D35 /* MenuBar Weather.app */,
			);
			name = Products;
			sourceTree = "<group>";
		};
		D8A960FB2960B17E00CC5D35 /* WeatherApp */ = {
			isa = PBXGroup;
			children = (
				D8B8F4B72B63DC5500211C4F /* Localizable.xcstrings */,
				D836E0112961EC5400283355 /* Info.plist */,
				D8A960FC2960B17E00CC5D35 /* WeatherAppApp.swift */,
				D8A961002960B17F00CC5D35 /* Assets.xcassets */,
				D8A961052960B17F00CC5D35 /* WeatherApp.entitlements */,
				D8A961022960B17F00CC5D35 /* Preview Content */,
				D836E00F2961EB8000283355 /* MainView.swift */,
				D836E0122961FA8900283355 /* LocationManager.swift */,
				D89D2944296234F2005CA6AB /* Extensions.swift */,
				D89D294629625436005CA6AB /* IconManager.swift */,
				D89D29482963172C005CA6AB /* BackgroundManager.swift */,
				D89D294A2963544D005CA6AB /* SettingsView.swift */,
				D8E440E729E44EFC003544EA /* WeatherUpdater.swift */,
			);
			path = WeatherApp;
			sourceTree = "<group>";
		};
		D8A961022960B17F00CC5D35 /* Preview Content */ = {
			isa = PBXGroup;
			children = (
				D8A961032960B17F00CC5D35 /* Preview Assets.xcassets */,
			);
			path = "Preview Content";
			sourceTree = "<group>";
		};
/* End PBXGroup section */

/* Begin PBXNativeTarget section */
		D8A960F82960B17E00CC5D35 /* WeatherApp */ = {
			isa = PBXNativeTarget;
			buildConfigurationList = D8A961082960B17F00CC5D35 /* Build configuration list for PBXNativeTarget "WeatherApp" */;
			buildPhases = (
				D8A960F52960B17E00CC5D35 /* Sources */,
				D8A960F62960B17E00CC5D35 /* Frameworks */,
				D8A960F72960B17E00CC5D35 /* Resources */,
			);
			buildRules = (
			);
			dependencies = (
			);
			name = WeatherApp;
			packageProductDependencies = (
				D89D294D29635571005CA6AB /* LaunchAtLogin */,
			);
			productName = WeatherApp;
			productReference = D8A960F92960B17E00CC5D35 /* MenuBar Weather.app */;
			productType = "com.apple.product-type.application";
		};
/* End PBXNativeTarget section */

/* Begin PBXProject section */
		D8A960F12960B17E00CC5D35 /* Project object */ = {
			isa = PBXProject;
			attributes = {
				BuildIndependentTargetsInParallel = 1;
				LastSwiftUpdateCheck = 1420;
				LastUpgradeCheck = 1420;
				TargetAttributes = {
					D8A960F82960B17E00CC5D35 = {
						CreatedOnToolsVersion = 14.2;
					};
				};
			};
			buildConfigurationList = D8A960F42960B17E00CC5D35 /* Build configuration list for PBXProject "WeatherApp" */;
			compatibilityVersion = "Xcode 14.0";
			developmentRegion = en;
			hasScannedForEncodings = 0;
			knownRegions = (
				en,
				Base,
				de,
				es,
			);
			mainGroup = D8A960F02960B17E00CC5D35;
			packageReferences = (
				D89D294C29635571005CA6AB /* XCRemoteSwiftPackageReference "LaunchAtLogin" */,
			);
			productRefGroup = D8A960FA2960B17E00CC5D35 /* Products */;
			projectDirPath = "";
			projectRoot = "";
			targets = (
				D8A960F82960B17E00CC5D35 /* WeatherApp */,
			);
		};
/* End PBXProject section */

/* Begin PBXResourcesBuildPhase section */
		D8A960F72960B17E00CC5D35 /* Resources */ = {
			isa = PBXResourcesBuildPhase;
			buildActionMask = 2147483647;
			files = (
				D8A961042960B17F00CC5D35 /* Preview Assets.xcassets in Resources */,
				D8A961012960B17F00CC5D35 /* Assets.xcassets in Resources */,
				D8B8F4B82B63DC5500211C4F /* Localizable.xcstrings in Resources */,
			);
			runOnlyForDeploymentPostprocessing = 0;
		};
/* End PBXResourcesBuildPhase section */

/* Begin PBXSourcesBuildPhase section */
		D8A960F52960B17E00CC5D35 /* Sources */ = {
			isa = PBXSourcesBuildPhase;
			buildActionMask = 2147483647;
			files = (
				D89D294B2963544D005CA6AB /* SettingsView.swift in Sources */,
				D8A960FD2960B17E00CC5D35 /* WeatherAppApp.swift in Sources */,
				D89D294729625436005CA6AB /* IconManager.swift in Sources */,
				D836E0102961EB8000283355 /* MainView.swift in Sources */,
				D8E440E829E44EFC003544EA /* WeatherUpdater.swift in Sources */,
				D89D29492963172C005CA6AB /* BackgroundManager.swift in Sources */,
				D836E0132961FA8900283355 /* LocationManager.swift in Sources */,
				D89D2945296234F2005CA6AB /* Extensions.swift in Sources */,
			);
			runOnlyForDeploymentPostprocessing = 0;
		};
/* End PBXSourcesBuildPhase section */

/* Begin XCBuildConfiguration section */
		D8A961062960B17F00CC5D35 /* Debug */ = {
			isa = XCBuildConfiguration;
			buildSettings = {
				ALWAYS_SEARCH_USER_PATHS = NO;
				CLANG_ANALYZER_NONNULL = YES;
				CLANG_ANALYZER_NUMBER_OBJECT_CONVERSION = YES_AGGRESSIVE;
				CLANG_CXX_LANGUAGE_STANDARD = "gnu++20";
				CLANG_ENABLE_MODULES = YES;
				CLANG_ENABLE_OBJC_ARC = YES;
				CLANG_ENABLE_OBJC_WEAK = YES;
				CLANG_WARN_BLOCK_CAPTURE_AUTORELEASING = YES;
				CLANG_WARN_BOOL_CONVERSION = YES;
				CLANG_WARN_COMMA = YES;
				CLANG_WARN_CONSTANT_CONVERSION = YES;
				CLANG_WARN_DEPRECATED_OBJC_IMPLEMENTATIONS = YES;
				CLANG_WARN_DIRECT_OBJC_ISA_USAGE = YES_ERROR;
				CLANG_WARN_DOCUMENTATION_COMMENTS = YES;
				CLANG_WARN_EMPTY_BODY = YES;
				CLANG_WARN_ENUM_CONVERSION = YES;
				CLANG_WARN_INFINITE_RECURSION = YES;
				CLANG_WARN_INT_CONVERSION = YES;
				CLANG_WARN_NON_LITERAL_NULL_CONVERSION = YES;
				CLANG_WARN_OBJC_IMPLICIT_RETAIN_SELF = YES;
				CLANG_WARN_OBJC_LITERAL_CONVERSION = YES;
				CLANG_WARN_OBJC_ROOT_CLASS = YES_ERROR;
				CLANG_WARN_QUOTED_INCLUDE_IN_FRAMEWORK_HEADER = YES;
				CLANG_WARN_RANGE_LOOP_ANALYSIS = YES;
				CLANG_WARN_STRICT_PROTOTYPES = YES;
				CLANG_WARN_SUSPICIOUS_MOVE = YES;
				CLANG_WARN_UNGUARDED_AVAILABILITY = YES_AGGRESSIVE;
				CLANG_WARN_UNREACHABLE_CODE = YES;
				CLANG_WARN__DUPLICATE_METHOD_MATCH = YES;
				COPY_PHASE_STRIP = NO;
				DEBUG_INFORMATION_FORMAT = dwarf;
				ENABLE_STRICT_OBJC_MSGSEND = YES;
				ENABLE_TESTABILITY = YES;
				GCC_C_LANGUAGE_STANDARD = gnu11;
				GCC_DYNAMIC_NO_PIC = NO;
				GCC_NO_COMMON_BLOCKS = YES;
				GCC_OPTIMIZATION_LEVEL = 0;
				GCC_PREPROCESSOR_DEFINITIONS = (
					"DEBUG=1",
					"$(inherited)",
				);
				GCC_WARN_64_TO_32_BIT_CONVERSION = YES;
				GCC_WARN_ABOUT_RETURN_TYPE = YES_ERROR;
				GCC_WARN_UNDECLARED_SELECTOR = YES;
				GCC_WARN_UNINITIALIZED_AUTOS = YES_AGGRESSIVE;
				GCC_WARN_UNUSED_FUNCTION = YES;
				GCC_WARN_UNUSED_VARIABLE = YES;
				MACOSX_DEPLOYMENT_TARGET = 13.1;
				MTL_ENABLE_DEBUG_INFO = INCLUDE_SOURCE;
				MTL_FAST_MATH = YES;
				ONLY_ACTIVE_ARCH = YES;
				SDKROOT = macosx;
				SWIFT_ACTIVE_COMPILATION_CONDITIONS = DEBUG;
				SWIFT_OPTIMIZATION_LEVEL = "-Onone";
			};
			name = Debug;
		};
		D8A961072960B17F00CC5D35 /* Release */ = {
			isa = XCBuildConfiguration;
			buildSettings = {
				ALWAYS_SEARCH_USER_PATHS = NO;
				CLANG_ANALYZER_NONNULL = YES;
				CLANG_ANALYZER_NUMBER_OBJECT_CONVERSION = YES_AGGRESSIVE;
				CLANG_CXX_LANGUAGE_STANDARD = "gnu++20";
				CLANG_ENABLE_MODULES = YES;
				CLANG_ENABLE_OBJC_ARC = YES;
				CLANG_ENABLE_OBJC_WEAK = YES;
				CLANG_WARN_BLOCK_CAPTURE_AUTORELEASING = YES;
				CLANG_WARN_BOOL_CONVERSION = YES;
				CLANG_WARN_COMMA = YES;
				CLANG_WARN_CONSTANT_CONVERSION = YES;
				CLANG_WARN_DEPRECATED_OBJC_IMPLEMENTATIONS = YES;
				CLANG_WARN_DIRECT_OBJC_ISA_USAGE = YES_ERROR;
				CLANG_WARN_DOCUMENTATION_COMMENTS = YES;
				CLANG_WARN_EMPTY_BODY = YES;
				CLANG_WARN_ENUM_CONVERSION = YES;
				CLANG_WARN_INFINITE_RECURSION = YES;
				CLANG_WARN_INT_CONVERSION = YES;
				CLANG_WARN_NON_LITERAL_NULL_CONVERSION = YES;
				CLANG_WARN_OBJC_IMPLICIT_RETAIN_SELF = YES;
				CLANG_WARN_OBJC_LITERAL_CONVERSION = YES;
				CLANG_WARN_OBJC_ROOT_CLASS = YES_ERROR;
				CLANG_WARN_QUOTED_INCLUDE_IN_FRAMEWORK_HEADER = YES;
				CLANG_WARN_RANGE_LOOP_ANALYSIS = YES;
				CLANG_WARN_STRICT_PROTOTYPES = YES;
				CLANG_WARN_SUSPICIOUS_MOVE = YES;
				CLANG_WARN_UNGUARDED_AVAILABILITY = YES_AGGRESSIVE;
				CLANG_WARN_UNREACHABLE_CODE = YES;
				CLANG_WARN__DUPLICATE_METHOD_MATCH = YES;
				COPY_PHASE_STRIP = NO;
				DEBUG_INFORMATION_FORMAT = "dwarf-with-dsym";
				ENABLE_NS_ASSERTIONS = NO;
				ENABLE_STRICT_OBJC_MSGSEND = YES;
				GCC_C_LANGUAGE_STANDARD = gnu11;
				GCC_NO_COMMON_BLOCKS = YES;
				GCC_WARN_64_TO_32_BIT_CONVERSION = YES;
				GCC_WARN_ABOUT_RETURN_TYPE = YES_ERROR;
				GCC_WARN_UNDECLARED_SELECTOR = YES;
				GCC_WARN_UNINITIALIZED_AUTOS = YES_AGGRESSIVE;
				GCC_WARN_UNUSED_FUNCTION = YES;
				GCC_WARN_UNUSED_VARIABLE = YES;
				MACOSX_DEPLOYMENT_TARGET = 13.1;
				MTL_ENABLE_DEBUG_INFO = NO;
				MTL_FAST_MATH = YES;
				SDKROOT = macosx;
				SWIFT_COMPILATION_MODE = wholemodule;
				SWIFT_OPTIMIZATION_LEVEL = "-O";
			};
			name = Release;
		};
		D8A961092960B17F00CC5D35 /* Debug */ = {
			isa = XCBuildConfiguration;
			buildSettings = {
				ASSETCATALOG_COMPILER_APPICON_NAME = AppIcon;
				ASSETCATALOG_COMPILER_GLOBAL_ACCENT_COLOR_NAME = AccentColor;
				CODE_SIGN_ENTITLEMENTS = WeatherApp/WeatherApp.entitlements;
				CODE_SIGN_STYLE = Automatic;
				COMBINE_HIDPI_IMAGES = YES;
				CURRENT_PROJECT_VERSION = 12;
				DEVELOPMENT_ASSET_PATHS = "\"WeatherApp/Preview Content\"";
				DEVELOPMENT_TEAM = 5Z7E3KB5S2;
				ENABLE_HARDENED_RUNTIME = YES;
				ENABLE_PREVIEWS = YES;
				GENERATE_INFOPLIST_FILE = YES;
				INFOPLIST_FILE = WeatherApp/Info.plist;
				INFOPLIST_KEY_CFBundleDisplayName = "MenuBar Weather";
				INFOPLIST_KEY_LSApplicationCategoryType = "public.app-category.weather";
				INFOPLIST_KEY_LSUIElement = YES;
				INFOPLIST_KEY_NSHumanReadableCopyright = "";
				INFOPLIST_KEY_NSLocationAlwaysAndWhenInUseUsageDescription = "We need your location to display your local weather";
				INFOPLIST_KEY_NSLocationUsageDescription = "We need your location to display your local weather";
				LD_RUNPATH_SEARCH_PATHS = (
					"$(inherited)",
					"@executable_path/../Frameworks",
				);
				MACOSX_DEPLOYMENT_TARGET = 13.0;
				MARKETING_VERSION = 1.2.2;
				PRODUCT_BUNDLE_IDENTIFIER = com.ellisn.WeatherApp;
				PRODUCT_NAME = "MenuBar Weather";
				SWIFT_EMIT_LOC_STRINGS = YES;
				SWIFT_VERSION = 5.0;
			};
			name = Debug;
		};
		D8A9610A2960B17F00CC5D35 /* Release */ = {
			isa = XCBuildConfiguration;
			buildSettings = {
				ASSETCATALOG_COMPILER_APPICON_NAME = AppIcon;
				ASSETCATALOG_COMPILER_GLOBAL_ACCENT_COLOR_NAME = AccentColor;
				CODE_SIGN_ENTITLEMENTS = WeatherApp/WeatherApp.entitlements;
				CODE_SIGN_STYLE = Automatic;
				COMBINE_HIDPI_IMAGES = YES;
				CURRENT_PROJECT_VERSION = 12;
				DEVELOPMENT_ASSET_PATHS = "\"WeatherApp/Preview Content\"";
				DEVELOPMENT_TEAM = 5Z7E3KB5S2;
				ENABLE_HARDENED_RUNTIME = YES;
				ENABLE_PREVIEWS = YES;
				GENERATE_INFOPLIST_FILE = YES;
				INFOPLIST_FILE = WeatherApp/Info.plist;
				INFOPLIST_KEY_CFBundleDisplayName = "MenuBar Weather";
				INFOPLIST_KEY_LSApplicationCategoryType = "public.app-category.weather";
				INFOPLIST_KEY_LSUIElement = YES;
				INFOPLIST_KEY_NSHumanReadableCopyright = "";
				INFOPLIST_KEY_NSLocationAlwaysAndWhenInUseUsageDescription = "We need your location to display your local weather";
				INFOPLIST_KEY_NSLocationUsageDescription = "We need your location to display your local weather";
				LD_RUNPATH_SEARCH_PATHS = (
					"$(inherited)",
					"@executable_path/../Frameworks",
				);
				MACOSX_DEPLOYMENT_TARGET = 13.0;
				MARKETING_VERSION = 1.2.2;
				PRODUCT_BUNDLE_IDENTIFIER = com.ellisn.WeatherApp;
				PRODUCT_NAME = "MenuBar Weather";
				SWIFT_EMIT_LOC_STRINGS = YES;
				SWIFT_VERSION = 5.0;
			};
			name = Release;
		};
/* End XCBuildConfiguration section */

/* Begin XCConfigurationList section */
		D8A960F42960B17E00CC5D35 /* Build configuration list for PBXProject "WeatherApp" */ = {
			isa = XCConfigurationList;
			buildConfigurations = (
				D8A961062960B17F00CC5D35 /* Debug */,
				D8A961072960B17F00CC5D35 /* Release */,
			);
			defaultConfigurationIsVisible = 0;
			defaultConfigurationName = Release;
		};
		D8A961082960B17F00CC5D35 /* Build configuration list for PBXNativeTarget "WeatherApp" */ = {
			isa = XCConfigurationList;
			buildConfigurations = (
				D8A961092960B17F00CC5D35 /* Debug */,
				D8A9610A2960B17F00CC5D35 /* Release */,
			);
			defaultConfigurationIsVisible = 0;
			defaultConfigurationName = Release;
		};
/* End XCConfigurationList section */

/* Begin XCRemoteSwiftPackageReference section */
		D89D294C29635571005CA6AB /* XCRemoteSwiftPackageReference "LaunchAtLogin" */ = {
			isa = XCRemoteSwiftPackageReference;
			repositoryURL = "https://github.com/sindresorhus/LaunchAtLogin";
			requirement = {
				branch = main;
				kind = branch;
			};
		};
/* End XCRemoteSwiftPackageReference section */

/* Begin XCSwiftPackageProductDependency section */
		D89D294D29635571005CA6AB /* LaunchAtLogin */ = {
			isa = XCSwiftPackageProductDependency;
			package = D89D294C29635571005CA6AB /* XCRemoteSwiftPackageReference "LaunchAtLogin" */;
			productName = LaunchAtLogin;
		};
/* End XCSwiftPackageProductDependency section */
	};
	rootObject = D8A960F12960B17E00CC5D35 /* Project object */;
}
