{
  "originHash" : "afb91403880b83c9dd7fa4cc3a009afdf7d5697b0de29eaff32e252b22309e1f",
  "pins" : [
    {
      "identity" : "launchatlogin",
      "kind" : "remoteSourceControl",
      "location" : "https://github.com/sindresorhus/LaunchAtLogin",
      "state" : {
        "branch" : "main",
        "revision" : "7ad6331f9c38953eb1ce8737758e18f7607e984a"
      }
    },
    {
      "identity" : "purchases-ios-spm",
      "kind" : "remoteSourceControl",
      "location" : "https://github.com/RevenueCat/purchases-ios-spm.git",
      "state" : {
        "revision" : "65d43f4984c70756aeb14987a1fb7cceb8120bb2",
        "version" : "5.1.0"
      }
    }
  ],
  "version" : 3
}
